
Microsoft Visual Studio Solution File, Format Version 12.00
# Visual Studio Version 17
VisualStudioVersion = 17.7.34024.191
MinimumVisualStudioVersion = 10.0.40219.1
Project("{8BC9CEB8-8B4A-11D0-8D11-00A0C91BC942}") = "2023.9.29", "2023.9.29\2023.9.29.vcxproj", "{90A5BF13-4E48-4F9B-834D-3427D970F33E}"
EndProject
Global
	GlobalSection(SolutionConfigurationPlatforms) = preSolution
		Debug|x64 = Debug|x64
		Debug|x86 = Debug|x86
		Release|x64 = Release|x64
		Release|x86 = Release|x86
	EndGlobalSection
	GlobalSection(ProjectConfigurationPlatforms) = postSolution
		{90A5BF13-4E48-4F9B-834D-3427D970F33E}.Debug|x64.ActiveCfg = Debug|x64
		{90A5BF13-4E48-4F9B-834D-3427D970F33E}.Debug|x64.Build.0 = Debug|x64
		{90A5BF13-4E48-4F9B-834D-3427D970F33E}.Debug|x86.ActiveCfg = Debug|Win32
		{90A5BF13-4E48-4F9B-834D-3427D970F33E}.Debug|x86.Build.0 = Debug|Win32
		{90A5BF13-4E48-4F9B-834D-3427D970F33E}.Release|x64.ActiveCfg = Release|x64
		{90A5BF13-4E48-4F9B-834D-3427D970F33E}.Release|x64.Build.0 = Release|x64
		{90A5BF13-4E48-4F9B-834D-3427D970F33E}.Release|x86.ActiveCfg = Release|Win32
		{90A5BF13-4E48-4F9B-834D-3427D970F33E}.Release|x86.Build.0 = Release|Win32
	EndGlobalSection
	GlobalSection(SolutionProperties) = preSolution
		HideSolutionNode = FALSE
	EndGlobalSection
	GlobalSection(ExtensibilityGlobals) = postSolution
		SolutionGuid = {8D159912-96E5-4252-A517-8D1A2C322B2D}
	EndGlobalSection
EndGlobal
